
Microsoft Visual Studio Solution File, Format Version 12.00
# Visual Studio 15
VisualStudioVersion = 15.0.27004.2002
MinimumVisualStudioVersion = 10.0.40219.1
Project("{FAE04EC0-301F-11D3-BF4B-00C04F79EFBC}") = "SpaceX", "SpaceX\SpaceX.csproj", "{B06E1D8F-2B73-42CD-9ADA-E715AE2020FC}"
EndProject
Global
	GlobalSection(SolutionConfigurationPlatforms) = preSolution
		Debug|Any CPU = Debug|Any CPU
		Release|Any CPU = Release|Any CPU
	EndGlobalSection
	GlobalSection(ProjectConfigurationPlatforms) = postSolution
		{B06E1D8F-2B73-42CD-9ADA-E715AE2020FC}.Debug|Any CPU.ActiveCfg = Debug|Any CPU
		{B06E1D8F-2B73-42CD-9ADA-E715AE2020FC}.Debug|Any CPU.Build.0 = Debug|Any CPU
		{B06E1D8F-2B73-42CD-9ADA-E715AE2020FC}.Release|Any CPU.ActiveCfg = Release|Any CPU
		{B06E1D8F-2B73-42CD-9ADA-E715AE2020FC}.Release|Any CPU.Build.0 = Release|Any CPU
	EndGlobalSection
	GlobalSection(SolutionProperties) = preSolution
		HideSolutionNode = FALSE
	EndGlobalSection
	GlobalSection(ExtensibilityGlobals) = postSolution
		SolutionGuid = {F6E2A652-1180-47DE-94FB-95080534FB2E}
	EndGlobalSection
EndGlobal
